{
  "name": "deezel-web-nodejs-example",
  "version": "1.0.0",
  "lockfileVersion": 3,
  "requires": true,
  "packages": {
    "": {
      "name": "deezel-web-nodejs-example",
      "version": "1.0.0",
      "dependencies": {
        "deezel-web": "file:../../pkg"
      }
    },
    "../../pkg": {
      "name": "deezel-web",
      "version": "0.1.0",
      "license": "MIT OR Apache-2.0"
    },
    "node_modules/deezel-web": {
      "resolved": "../../pkg",
      "link": true
    }
  }
}
